
Microsoft Visual Studio Solution File, Format Version 12.00
# Visual Studio Version 17
VisualStudioVersion = 17.13.35931.197 d17.13
MinimumVisualStudioVersion = 10.0.40219.1
Project("{FAE04EC0-301F-11D3-BF4B-00C04F79EFBC}") = "Lab17", "Lab17\Lab17.csproj", "{BAFE8F8F-83E5-493B-877A-87AA1578D9A4}"
EndProject
Global
	GlobalSection(SolutionConfigurationPlatforms) = preSolution
		Debug|Any CPU = Debug|Any CPU
		Release|Any CPU = Release|Any CPU
	EndGlobalSection
	GlobalSection(ProjectConfigurationPlatforms) = postSolution
		{BAFE8F8F-83E5-493B-877A-87AA1578D9A4}.Debug|Any CPU.ActiveCfg = Debug|Any CPU
		{BAFE8F8F-83E5-493B-877A-87AA1578D9A4}.Debug|Any CPU.Build.0 = Debug|Any CPU
		{BAFE8F8F-83E5-493B-877A-87AA1578D9A4}.Release|Any CPU.ActiveCfg = Release|Any CPU
		{BAFE8F8F-83E5-493B-877A-87AA1578D9A4}.Release|Any CPU.Build.0 = Release|Any CPU
	EndGlobalSection
	GlobalSection(SolutionProperties) = preSolution
		HideSolutionNode = FALSE
	EndGlobalSection
	GlobalSection(ExtensibilityGlobals) = postSolution
		SolutionGuid = {2FB53C6F-FDCC-422F-90E1-42B0CDEE8153}
	EndGlobalSection
EndGlobal
