
Microsoft Visual Studio Solution File, Format Version 12.00
# Visual Studio Version 17
VisualStudioVersion = 17.7.34031.279
MinimumVisualStudioVersion = 10.0.40219.1
Project("{FAE04EC0-301F-11D3-BF4B-00C04F79EFBC}") = "Lab14", "Lab14\Lab14.csproj", "{777FB056-11F6-45CB-8025-C916B414749B}"
EndProject
Global
	GlobalSection(SolutionConfigurationPlatforms) = preSolution
		Debug|Any CPU = Debug|Any CPU
		Release|Any CPU = Release|Any CPU
	EndGlobalSection
	GlobalSection(ProjectConfigurationPlatforms) = postSolution
		{777FB056-11F6-45CB-8025-C916B414749B}.Debug|Any CPU.ActiveCfg = Debug|Any CPU
		{777FB056-11F6-45CB-8025-C916B414749B}.Debug|Any CPU.Build.0 = Debug|Any CPU
		{777FB056-11F6-45CB-8025-C916B414749B}.Release|Any CPU.ActiveCfg = Release|Any CPU
		{777FB056-11F6-45CB-8025-C916B414749B}.Release|Any CPU.Build.0 = Release|Any CPU
	EndGlobalSection
	GlobalSection(SolutionProperties) = preSolution
		HideSolutionNode = FALSE
	EndGlobalSection
	GlobalSection(ExtensibilityGlobals) = postSolution
		SolutionGuid = {012F7D8B-CA95-48CD-9293-4ED4E744A71C}
	EndGlobalSection
EndGlobal
