
Microsoft Visual Studio Solution File, Format Version 12.00
# Visual Studio Version 17
VisualStudioVersion = 17.13.35931.197 d17.13
MinimumVisualStudioVersion = 10.0.40219.1
Project("{FAE04EC0-301F-11D3-BF4B-00C04F79EFBC}") = "Lab6", "Lab6\Lab6.csproj", "{130C6371-B9BA-488B-B919-44B3F001E2BE}"
EndProject
Global
	GlobalSection(SolutionConfigurationPlatforms) = preSolution
		Debug|Any CPU = Debug|Any CPU
		Release|Any CPU = Release|Any CPU
	EndGlobalSection
	GlobalSection(ProjectConfigurationPlatforms) = postSolution
		{130C6371-B9BA-488B-B919-44B3F001E2BE}.Debug|Any CPU.ActiveCfg = Debug|Any CPU
		{130C6371-B9BA-488B-B919-44B3F001E2BE}.Debug|Any CPU.Build.0 = Debug|Any CPU
		{130C6371-B9BA-488B-B919-44B3F001E2BE}.Release|Any CPU.ActiveCfg = Release|Any CPU
		{130C6371-B9BA-488B-B919-44B3F001E2BE}.Release|Any CPU.Build.0 = Release|Any CPU
	EndGlobalSection
	GlobalSection(SolutionProperties) = preSolution
		HideSolutionNode = FALSE
	EndGlobalSection
	GlobalSection(ExtensibilityGlobals) = postSolution
		SolutionGuid = {A4BE2F6C-8600-428E-8598-D7039C00BC1A}
	EndGlobalSection
EndGlobal
